// !$*UTF8*$!
{
	archiveVersion = 1;
	classes = {
	};
	objectVersion = 56;
	objects = {

/* Begin PBXBuildFile section */
		956E04342A8AFE0200545CC1 /* Movies_oMBDApp.swift in Sources */ = {isa = PBXBuildFile; fileRef = 956E04332A8AFE0200545CC1 /* Movies_oMBDApp.swift */; };
		956E04362A8AFE0200545CC1 /* ContentView.swift in Sources */ = {isa = PBXBuildFile; fileRef = 956E04352A8AFE0200545CC1 /* ContentView.swift */; };
		956E04382A8AFE0400545CC1 /* Assets.xcassets in Resources */ = {isa = PBXBuildFile; fileRef = 956E04372A8AFE0400545CC1 /* Assets.xcassets */; };
		956E043B2A8AFE0400545CC1 /* Preview Assets.xcassets in Resources */ = {isa = PBXBuildFile; fileRef = 956E043A2A8AFE0400545CC1 /* Preview Assets.xcassets */; };
		956E04432A8AFE3600545CC1 /* Constants.swift in Sources */ = {isa = PBXBuildFile; fileRef = 956E04422A8AFE3600545CC1 /* Constants.swift */; };
		956E04492A8B003400545CC1 /* ImageLoader.swift in Sources */ = {isa = PBXBuildFile; fileRef = 956E04482A8B003400545CC1 /* ImageLoader.swift */; };
		956E044C2A8B009400545CC1 /* Rating.swift in Sources */ = {isa = PBXBuildFile; fileRef = 956E044B2A8B009400545CC1 /* Rating.swift */; };
		956E044E2A8B00C300545CC1 /* URLImage.swift in Sources */ = {isa = PBXBuildFile; fileRef = 956E044D2A8B00C300545CC1 /* URLImage.swift */; };
		95AF5A872A8C2AA50085635F /* Movie.swift in Sources */ = {isa = PBXBuildFile; fileRef = 95AF5A862A8C2AA50085635F /* Movie.swift */; };
		95AF5A892A8C30BE0085635F /* HTTPClient.swift in Sources */ = {isa = PBXBuildFile; fileRef = 95AF5A882A8C30BE0085635F /* HTTPClient.swift */; };
/* End PBXBuildFile section */

/* Begin PBXFileReference section */
		956E04302A8AFE0200545CC1 /* Movies-oMBD.app */ = {isa = PBXFileReference; explicitFileType = wrapper.application; includeInIndex = 0; path = "Movies-oMBD.app"; sourceTree = BUILT_PRODUCTS_DIR; };
		956E04332A8AFE0200545CC1 /* Movies_oMBDApp.swift */ = {isa = PBXFileReference; lastKnownFileType = sourcecode.swift; path = Movies_oMBDApp.swift; sourceTree = "<group>"; };
		956E04352A8AFE0200545CC1 /* ContentView.swift */ = {isa = PBXFileReference; lastKnownFileType = sourcecode.swift; path = ContentView.swift; sourceTree = "<group>"; };
		956E04372A8AFE0400545CC1 /* Assets.xcassets */ = {isa = PBXFileReference; lastKnownFileType = folder.assetcatalog; path = Assets.xcassets; sourceTree = "<group>"; };
		956E043A2A8AFE0400545CC1 /* Preview Assets.xcassets */ = {isa = PBXFileReference; lastKnownFileType = folder.assetcatalog; path = "Preview Assets.xcassets"; sourceTree = "<group>"; };
		956E04422A8AFE3600545CC1 /* Constants.swift */ = {isa = PBXFileReference; lastKnownFileType = sourcecode.swift; path = Constants.swift; sourceTree = "<group>"; };
		956E04482A8B003400545CC1 /* ImageLoader.swift */ = {isa = PBXFileReference; lastKnownFileType = sourcecode.swift; path = ImageLoader.swift; sourceTree = "<group>"; };
		956E044B2A8B009400545CC1 /* Rating.swift */ = {isa = PBXFileReference; lastKnownFileType = sourcecode.swift; path = Rating.swift; sourceTree = "<group>"; };
		956E044D2A8B00C300545CC1 /* URLImage.swift */ = {isa = PBXFileReference; lastKnownFileType = sourcecode.swift; path = URLImage.swift; sourceTree = "<group>"; };
		95AF5A862A8C2AA50085635F /* Movie.swift */ = {isa = PBXFileReference; lastKnownFileType = sourcecode.swift; path = Movie.swift; sourceTree = "<group>"; };
		95AF5A882A8C30BE0085635F /* HTTPClient.swift */ = {isa = PBXFileReference; lastKnownFileType = sourcecode.swift; path = HTTPClient.swift; sourceTree = "<group>"; };
/* End PBXFileReference section */

/* Begin PBXFrameworksBuildPhase section */
		956E042D2A8AFE0200545CC1 /* Frameworks */ = {
			isa = PBXFrameworksBuildPhase;
			buildActionMask = 2147483647;
			files = (
			);
			runOnlyForDeploymentPostprocessing = 0;
		};
/* End PBXFrameworksBuildPhase section */

/* Begin PBXGroup section */
		956E04272A8AFE0200545CC1 = {
			isa = PBXGroup;
			children = (
				956E04322A8AFE0200545CC1 /* Movies-oMBD */,
				956E04312A8AFE0200545CC1 /* Products */,
			);
			sourceTree = "<group>";
		};
		956E04312A8AFE0200545CC1 /* Products */ = {
			isa = PBXGroup;
			children = (
				956E04302A8AFE0200545CC1 /* Movies-oMBD.app */,
			);
			name = Products;
			sourceTree = "<group>";
		};
		956E04322A8AFE0200545CC1 /* Movies-oMBD */ = {
			isa = PBXGroup;
			children = (
				956E04512A8B010A00545CC1 /* Views */,
				956E04502A8B00FC00545CC1 /* Screens */,
				956E044F2A8B00EC00545CC1 /* Extensions */,
				956E044A2A8B006A00545CC1 /* Controls */,
				956E04472A8B002100545CC1 /* Loaders */,
				956E04462A8B000B00545CC1 /* Services */,
				956E04452A8AFFFE00545CC1 /* Models */,
				956E04442A8AFFEB00545CC1 /* ViewModels */,
				956E04412A8AFE1E00545CC1 /* utils */,
				956E04332A8AFE0200545CC1 /* Movies_oMBDApp.swift */,
				956E04352A8AFE0200545CC1 /* ContentView.swift */,
				956E04372A8AFE0400545CC1 /* Assets.xcassets */,
				956E04392A8AFE0400545CC1 /* Preview Content */,
			);
			path = "Movies-oMBD";
			sourceTree = "<group>";
		};
		956E04392A8AFE0400545CC1 /* Preview Content */ = {
			isa = PBXGroup;
			children = (
				956E043A2A8AFE0400545CC1 /* Preview Assets.xcassets */,
			);
			path = "Preview Content";
			sourceTree = "<group>";
		};
		956E04412A8AFE1E00545CC1 /* utils */ = {
			isa = PBXGroup;
			children = (
				956E04422A8AFE3600545CC1 /* Constants.swift */,
			);
			path = utils;
			sourceTree = "<group>";
		};
		956E04442A8AFFEB00545CC1 /* ViewModels */ = {
			isa = PBXGroup;
			children = (
			);
			path = ViewModels;
			sourceTree = "<group>";
		};
		956E04452A8AFFFE00545CC1 /* Models */ = {
			isa = PBXGroup;
			children = (
				95AF5A862A8C2AA50085635F /* Movie.swift */,
			);
			path = Models;
			sourceTree = "<group>";
		};
		956E04462A8B000B00545CC1 /* Services */ = {
			isa = PBXGroup;
			children = (
				95AF5A882A8C30BE0085635F /* HTTPClient.swift */,
			);
			path = Services;
			sourceTree = "<group>";
		};
		956E04472A8B002100545CC1 /* Loaders */ = {
			isa = PBXGroup;
			children = (
				956E04482A8B003400545CC1 /* ImageLoader.swift */,
			);
			path = Loaders;
			sourceTree = "<group>";
		};
		956E044A2A8B006A00545CC1 /* Controls */ = {
			isa = PBXGroup;
			children = (
				956E044B2A8B009400545CC1 /* Rating.swift */,
				956E044D2A8B00C300545CC1 /* URLImage.swift */,
			);
			path = Controls;
			sourceTree = "<group>";
		};
		956E044F2A8B00EC00545CC1 /* Extensions */ = {
			isa = PBXGroup;
			children = (
			);
			path = Extensions;
			sourceTree = "<group>";
		};
		956E04502A8B00FC00545CC1 /* Screens */ = {
			isa = PBXGroup;
			children = (
			);
			path = Screens;
			sourceTree = "<group>";
		};
		956E04512A8B010A00545CC1 /* Views */ = {
			isa = PBXGroup;
			children = (
			);
			path = Views;
			sourceTree = "<group>";
		};
/* End PBXGroup section */

/* Begin PBXNativeTarget section */
		956E042F2A8AFE0200545CC1 /* Movies-oMBD */ = {
			isa = PBXNativeTarget;
			buildConfigurationList = 956E043E2A8AFE0400545CC1 /* Build configuration list for PBXNativeTarget "Movies-oMBD" */;
			buildPhases = (
				956E042C2A8AFE0200545CC1 /* Sources */,
				956E042D2A8AFE0200545CC1 /* Frameworks */,
				956E042E2A8AFE0200545CC1 /* Resources */,
			);
			buildRules = (
			);
			dependencies = (
			);
			name = "Movies-oMBD";
			productName = "Movies-oMBD";
			productReference = 956E04302A8AFE0200545CC1 /* Movies-oMBD.app */;
			productType = "com.apple.product-type.application";
		};
/* End PBXNativeTarget section */

/* Begin PBXProject section */
		956E04282A8AFE0200545CC1 /* Project object */ = {
			isa = PBXProject;
			attributes = {
				BuildIndependentTargetsInParallel = 1;
				LastSwiftUpdateCheck = 1430;
				LastUpgradeCheck = 1430;
				TargetAttributes = {
					956E042F2A8AFE0200545CC1 = {
						CreatedOnToolsVersion = 14.3;
					};
				};
			};
			buildConfigurationList = 956E042B2A8AFE0200545CC1 /* Build configuration list for PBXProject "Movies-oMBD" */;
			compatibilityVersion = "Xcode 14.0";
			developmentRegion = en;
			hasScannedForEncodings = 0;
			knownRegions = (
				en,
				Base,
			);
			mainGroup = 956E04272A8AFE0200545CC1;
			productRefGroup = 956E04312A8AFE0200545CC1 /* Products */;
			projectDirPath = "";
			projectRoot = "";
			targets = (
				956E042F2A8AFE0200545CC1 /* Movies-oMBD */,
			);
		};
/* End PBXProject section */

/* Begin PBXResourcesBuildPhase section */
		956E042E2A8AFE0200545CC1 /* Resources */ = {
			isa = PBXResourcesBuildPhase;
			buildActionMask = 2147483647;
			files = (
				956E043B2A8AFE0400545CC1 /* Preview Assets.xcassets in Resources */,
				956E04382A8AFE0400545CC1 /* Assets.xcassets in Resources */,
			);
			runOnlyForDeploymentPostprocessing = 0;
		};
/* End PBXResourcesBuildPhase section */

/* Begin PBXSourcesBuildPhase section */
		956E042C2A8AFE0200545CC1 /* Sources */ = {
			isa = PBXSourcesBuildPhase;
			buildActionMask = 2147483647;
			files = (
				95AF5A872A8C2AA50085635F /* Movie.swift in Sources */,
				956E04362A8AFE0200545CC1 /* ContentView.swift in Sources */,
				95AF5A892A8C30BE0085635F /* HTTPClient.swift in Sources */,
				956E044E2A8B00C300545CC1 /* URLImage.swift in Sources */,
				956E04342A8AFE0200545CC1 /* Movies_oMBDApp.swift in Sources */,
				956E044C2A8B009400545CC1 /* Rating.swift in Sources */,
				956E04492A8B003400545CC1 /* ImageLoader.swift in Sources */,
				956E04432A8AFE3600545CC1 /* Constants.swift in Sources */,
			);
			runOnlyForDeploymentPostprocessing = 0;
		};
/* End PBXSourcesBuildPhase section */

/* Begin XCBuildConfiguration section */
		956E043C2A8AFE0400545CC1 /* Debug */ = {
			isa = XCBuildConfiguration;
			buildSettings = {
				ALWAYS_SEARCH_USER_PATHS = NO;
				CLANG_ANALYZER_NONNULL = YES;
				CLANG_ANALYZER_NUMBER_OBJECT_CONVERSION = YES_AGGRESSIVE;
				CLANG_CXX_LANGUAGE_STANDARD = "gnu++20";
				CLANG_ENABLE_MODULES = YES;
				CLANG_ENABLE_OBJC_ARC = YES;
				CLANG_ENABLE_OBJC_WEAK = YES;
				CLANG_WARN_BLOCK_CAPTURE_AUTORELEASING = YES;
				CLANG_WARN_BOOL_CONVERSION = YES;
				CLANG_WARN_COMMA = YES;
				CLANG_WARN_CONSTANT_CONVERSION = YES;
				CLANG_WARN_DEPRECATED_OBJC_IMPLEMENTATIONS = YES;
				CLANG_WARN_DIRECT_OBJC_ISA_USAGE = YES_ERROR;
				CLANG_WARN_DOCUMENTATION_COMMENTS = YES;
				CLANG_WARN_EMPTY_BODY = YES;
				CLANG_WARN_ENUM_CONVERSION = YES;
				CLANG_WARN_INFINITE_RECURSION = YES;
				CLANG_WARN_INT_CONVERSION = YES;
				CLANG_WARN_NON_LITERAL_NULL_CONVERSION = YES;
				CLANG_WARN_OBJC_IMPLICIT_RETAIN_SELF = YES;
				CLANG_WARN_OBJC_LITERAL_CONVERSION = YES;
				CLANG_WARN_OBJC_ROOT_CLASS = YES_ERROR;
				CLANG_WARN_QUOTED_INCLUDE_IN_FRAMEWORK_HEADER = YES;
				CLANG_WARN_RANGE_LOOP_ANALYSIS = YES;
				CLANG_WARN_STRICT_PROTOTYPES = YES;
				CLANG_WARN_SUSPICIOUS_MOVE = YES;
				CLANG_WARN_UNGUARDED_AVAILABILITY = YES_AGGRESSIVE;
				CLANG_WARN_UNREACHABLE_CODE = YES;
				CLANG_WARN__DUPLICATE_METHOD_MATCH = YES;
				COPY_PHASE_STRIP = NO;
				DEBUG_INFORMATION_FORMAT = dwarf;
				ENABLE_STRICT_OBJC_MSGSEND = YES;
				ENABLE_TESTABILITY = YES;
				GCC_C_LANGUAGE_STANDARD = gnu11;
				GCC_DYNAMIC_NO_PIC = NO;
				GCC_NO_COMMON_BLOCKS = YES;
				GCC_OPTIMIZATION_LEVEL = 0;
				GCC_PREPROCESSOR_DEFINITIONS = (
					"DEBUG=1",
					"$(inherited)",
				);
				GCC_WARN_64_TO_32_BIT_CONVERSION = YES;
				GCC_WARN_ABOUT_RETURN_TYPE = YES_ERROR;
				GCC_WARN_UNDECLARED_SELECTOR = YES;
				GCC_WARN_UNINITIALIZED_AUTOS = YES_AGGRESSIVE;
				GCC_WARN_UNUSED_FUNCTION = YES;
				GCC_WARN_UNUSED_VARIABLE = YES;
				IPHONEOS_DEPLOYMENT_TARGET = 16.4;
				MTL_ENABLE_DEBUG_INFO = INCLUDE_SOURCE;
				MTL_FAST_MATH = YES;
				ONLY_ACTIVE_ARCH = YES;
				SDKROOT = iphoneos;
				SWIFT_ACTIVE_COMPILATION_CONDITIONS = DEBUG;
				SWIFT_OPTIMIZATION_LEVEL = "-Onone";
			};
			name = Debug;
		};
		956E043D2A8AFE0400545CC1 /* Release */ = {
			isa = XCBuildConfiguration;
			buildSettings = {
				ALWAYS_SEARCH_USER_PATHS = NO;
				CLANG_ANALYZER_NONNULL = YES;
				CLANG_ANALYZER_NUMBER_OBJECT_CONVERSION = YES_AGGRESSIVE;
				CLANG_CXX_LANGUAGE_STANDARD = "gnu++20";
				CLANG_ENABLE_MODULES = YES;
				CLANG_ENABLE_OBJC_ARC = YES;
				CLANG_ENABLE_OBJC_WEAK = YES;
				CLANG_WARN_BLOCK_CAPTURE_AUTORELEASING = YES;
				CLANG_WARN_BOOL_CONVERSION = YES;
				CLANG_WARN_COMMA = YES;
				CLANG_WARN_CONSTANT_CONVERSION = YES;
				CLANG_WARN_DEPRECATED_OBJC_IMPLEMENTATIONS = YES;
				CLANG_WARN_DIRECT_OBJC_ISA_USAGE = YES_ERROR;
				CLANG_WARN_DOCUMENTATION_COMMENTS = YES;
				CLANG_WARN_EMPTY_BODY = YES;
				CLANG_WARN_ENUM_CONVERSION = YES;
				CLANG_WARN_INFINITE_RECURSION = YES;
				CLANG_WARN_INT_CONVERSION = YES;
				CLANG_WARN_NON_LITERAL_NULL_CONVERSION = YES;
				CLANG_WARN_OBJC_IMPLICIT_RETAIN_SELF = YES;
				CLANG_WARN_OBJC_LITERAL_CONVERSION = YES;
				CLANG_WARN_OBJC_ROOT_CLASS = YES_ERROR;
				CLANG_WARN_QUOTED_INCLUDE_IN_FRAMEWORK_HEADER = YES;
				CLANG_WARN_RANGE_LOOP_ANALYSIS = YES;
				CLANG_WARN_STRICT_PROTOTYPES = YES;
				CLANG_WARN_SUSPICIOUS_MOVE = YES;
				CLANG_WARN_UNGUARDED_AVAILABILITY = YES_AGGRESSIVE;
				CLANG_WARN_UNREACHABLE_CODE = YES;
				CLANG_WARN__DUPLICATE_METHOD_MATCH = YES;
				COPY_PHASE_STRIP = NO;
				DEBUG_INFORMATION_FORMAT = "dwarf-with-dsym";
				ENABLE_NS_ASSERTIONS = NO;
				ENABLE_STRICT_OBJC_MSGSEND = YES;
				GCC_C_LANGUAGE_STANDARD = gnu11;
				GCC_NO_COMMON_BLOCKS = YES;
				GCC_WARN_64_TO_32_BIT_CONVERSION = YES;
				GCC_WARN_ABOUT_RETURN_TYPE = YES_ERROR;
				GCC_WARN_UNDECLARED_SELECTOR = YES;
				GCC_WARN_UNINITIALIZED_AUTOS = YES_AGGRESSIVE;
				GCC_WARN_UNUSED_FUNCTION = YES;
				GCC_WARN_UNUSED_VARIABLE = YES;
				IPHONEOS_DEPLOYMENT_TARGET = 16.4;
				MTL_ENABLE_DEBUG_INFO = NO;
				MTL_FAST_MATH = YES;
				SDKROOT = iphoneos;
				SWIFT_COMPILATION_MODE = wholemodule;
				SWIFT_OPTIMIZATION_LEVEL = "-O";
				VALIDATE_PRODUCT = YES;
			};
			name = Release;
		};
		956E043F2A8AFE0400545CC1 /* Debug */ = {
			isa = XCBuildConfiguration;
			buildSettings = {
				ASSETCATALOG_COMPILER_APPICON_NAME = AppIcon;
				ASSETCATALOG_COMPILER_GLOBAL_ACCENT_COLOR_NAME = AccentColor;
				CODE_SIGN_STYLE = Automatic;
				CURRENT_PROJECT_VERSION = 1;
				DEVELOPMENT_ASSET_PATHS = "\"Movies-oMBD/Preview Content\"";
				DEVELOPMENT_TEAM = 22956446LQ;
				ENABLE_PREVIEWS = YES;
				GENERATE_INFOPLIST_FILE = YES;
				INFOPLIST_KEY_UIApplicationSceneManifest_Generation = YES;
				INFOPLIST_KEY_UIApplicationSupportsIndirectInputEvents = YES;
				INFOPLIST_KEY_UILaunchScreen_Generation = YES;
				INFOPLIST_KEY_UISupportedInterfaceOrientations_iPad = "UIInterfaceOrientationPortrait UIInterfaceOrientationPortraitUpsideDown UIInterfaceOrientationLandscapeLeft UIInterfaceOrientationLandscapeRight";
				INFOPLIST_KEY_UISupportedInterfaceOrientations_iPhone = "UIInterfaceOrientationPortrait UIInterfaceOrientationLandscapeLeft UIInterfaceOrientationLandscapeRight";
				LD_RUNPATH_SEARCH_PATHS = (
					"$(inherited)",
					"@executable_path/Frameworks",
				);
				MARKETING_VERSION = 1.0;
				PRODUCT_BUNDLE_IDENTIFIER = "com.appuniversity.org.Movies-oMBD";
				PRODUCT_NAME = "$(TARGET_NAME)";
				SWIFT_EMIT_LOC_STRINGS = YES;
				SWIFT_VERSION = 5.0;
				TARGETED_DEVICE_FAMILY = "1,2";
			};
			name = Debug;
		};
		956E04402A8AFE0400545CC1 /* Release */ = {
			isa = XCBuildConfiguration;
			buildSettings = {
				ASSETCATALOG_COMPILER_APPICON_NAME = AppIcon;
				ASSETCATALOG_COMPILER_GLOBAL_ACCENT_COLOR_NAME = AccentColor;
				CODE_SIGN_STYLE = Automatic;
				CURRENT_PROJECT_VERSION = 1;
				DEVELOPMENT_ASSET_PATHS = "\"Movies-oMBD/Preview Content\"";
				DEVELOPMENT_TEAM = 22956446LQ;
				ENABLE_PREVIEWS = YES;
				GENERATE_INFOPLIST_FILE = YES;
				INFOPLIST_KEY_UIApplicationSceneManifest_Generation = YES;
				INFOPLIST_KEY_UIApplicationSupportsIndirectInputEvents = YES;
				INFOPLIST_KEY_UILaunchScreen_Generation = YES;
				INFOPLIST_KEY_UISupportedInterfaceOrientations_iPad = "UIInterfaceOrientationPortrait UIInterfaceOrientationPortraitUpsideDown UIInterfaceOrientationLandscapeLeft UIInterfaceOrientationLandscapeRight";
				INFOPLIST_KEY_UISupportedInterfaceOrientations_iPhone = "UIInterfaceOrientationPortrait UIInterfaceOrientationLandscapeLeft UIInterfaceOrientationLandscapeRight";
				LD_RUNPATH_SEARCH_PATHS = (
					"$(inherited)",
					"@executable_path/Frameworks",
				);
				MARKETING_VERSION = 1.0;
				PRODUCT_BUNDLE_IDENTIFIER = "com.appuniversity.org.Movies-oMBD";
				PRODUCT_NAME = "$(TARGET_NAME)";
				SWIFT_EMIT_LOC_STRINGS = YES;
				SWIFT_VERSION = 5.0;
				TARGETED_DEVICE_FAMILY = "1,2";
			};
			name = Release;
		};
/* End XCBuildConfiguration section */

/* Begin XCConfigurationList section */
		956E042B2A8AFE0200545CC1 /* Build configuration list for PBXProject "Movies-oMBD" */ = {
			isa = XCConfigurationList;
			buildConfigurations = (
				956E043C2A8AFE0400545CC1 /* Debug */,
				956E043D2A8AFE0400545CC1 /* Release */,
			);
			defaultConfigurationIsVisible = 0;
			defaultConfigurationName = Release;
		};
		956E043E2A8AFE0400545CC1 /* Build configuration list for PBXNativeTarget "Movies-oMBD" */ = {
			isa = XCConfigurationList;
			buildConfigurations = (
				956E043F2A8AFE0400545CC1 /* Debug */,
				956E04402A8AFE0400545CC1 /* Release */,
			);
			defaultConfigurationIsVisible = 0;
			defaultConfigurationName = Release;
		};
/* End XCConfigurationList section */
	};
	rootObject = 956E04282A8AFE0200545CC1 /* Project object */;
}
